
Microsoft Visual Studio Solution File, Format Version 12.00
# Visual Studio 14
VisualStudioVersion = 14.0.24720.0
MinimumVisualStudioVersion = 10.0.40219.1
Project("{FAE04EC0-301F-11D3-BF4B-00C04F79EFBC}") = "MVC5_Do_an", "MVC5_Do_an\MVC5_Do_an.csproj", "{7AC3ACB2-9124-4766-AE1E-851DC1F68F14}"
EndProject
Project("{FAE04EC0-301F-11D3-BF4B-00C04F79EFBC}") = "Wool.Model", "Wool.Model\Wool.Model.csproj", "{6C385034-E91E-4662-AB87-A31949685ADF}"
EndProject
Project("{FAE04EC0-301F-11D3-BF4B-00C04F79EFBC}") = "Wool.Data", "Wool.Data\Wool.Data.csproj", "{9FAE2503-CF0E-41EB-838A-501C446C45BC}"
EndProject
Project("{FAE04EC0-301F-11D3-BF4B-00C04F79EFBC}") = "Wool.Service", "Wool.Service\Wool.Service.csproj", "{31A51C8B-A023-47EC-99F8-2A1CDCB60081}"
EndProject
Global
	GlobalSection(SolutionConfigurationPlatforms) = preSolution
		Debug|Any CPU = Debug|Any CPU
		Release|Any CPU = Release|Any CPU
	EndGlobalSection
	GlobalSection(ProjectConfigurationPlatforms) = postSolution
		{7AC3ACB2-9124-4766-AE1E-851DC1F68F14}.Debug|Any CPU.ActiveCfg = Debug|Any CPU
		{7AC3ACB2-9124-4766-AE1E-851DC1F68F14}.Debug|Any CPU.Build.0 = Debug|Any CPU
		{7AC3ACB2-9124-4766-AE1E-851DC1F68F14}.Release|Any CPU.ActiveCfg = Release|Any CPU
		{7AC3ACB2-9124-4766-AE1E-851DC1F68F14}.Release|Any CPU.Build.0 = Release|Any CPU
		{6C385034-E91E-4662-AB87-A31949685ADF}.Debug|Any CPU.ActiveCfg = Debug|Any CPU
		{6C385034-E91E-4662-AB87-A31949685ADF}.Debug|Any CPU.Build.0 = Debug|Any CPU
		{6C385034-E91E-4662-AB87-A31949685ADF}.Release|Any CPU.ActiveCfg = Release|Any CPU
		{6C385034-E91E-4662-AB87-A31949685ADF}.Release|Any CPU.Build.0 = Release|Any CPU
		{9FAE2503-CF0E-41EB-838A-501C446C45BC}.Debug|Any CPU.ActiveCfg = Debug|Any CPU
		{9FAE2503-CF0E-41EB-838A-501C446C45BC}.Debug|Any CPU.Build.0 = Debug|Any CPU
		{9FAE2503-CF0E-41EB-838A-501C446C45BC}.Release|Any CPU.ActiveCfg = Release|Any CPU
		{9FAE2503-CF0E-41EB-838A-501C446C45BC}.Release|Any CPU.Build.0 = Release|Any CPU
		{31A51C8B-A023-47EC-99F8-2A1CDCB60081}.Debug|Any CPU.ActiveCfg = Debug|Any CPU
		{31A51C8B-A023-47EC-99F8-2A1CDCB60081}.Debug|Any CPU.Build.0 = Debug|Any CPU
		{31A51C8B-A023-47EC-99F8-2A1CDCB60081}.Release|Any CPU.ActiveCfg = Release|Any CPU
		{31A51C8B-A023-47EC-99F8-2A1CDCB60081}.Release|Any CPU.Build.0 = Release|Any CPU
	EndGlobalSection
	GlobalSection(SolutionProperties) = preSolution
		HideSolutionNode = FALSE
	EndGlobalSection
EndGlobal
